
Microsoft Visual Studio Solution File, Format Version 12.00
# Visual Studio 15
VisualStudioVersion = 15.0.27703.2018
MinimumVisualStudioVersion = 10.0.40219.1
Project("{FAE04EC0-301F-11D3-BF4B-00C04F79EFBC}") = "frontClarita", "frontClarita\frontClarita.csproj", "{BE38AF7B-FF8F-4D55-BAAB-EAFAFDFEAA38}"
EndProject
Global
	GlobalSection(SolutionConfigurationPlatforms) = preSolution
		Debug|Any CPU = Debug|Any CPU
		Release|Any CPU = Release|Any CPU
	EndGlobalSection
	GlobalSection(ProjectConfigurationPlatforms) = postSolution
		{BE38AF7B-FF8F-4D55-BAAB-EAFAFDFEAA38}.Debug|Any CPU.ActiveCfg = Debug|Any CPU
		{BE38AF7B-FF8F-4D55-BAAB-EAFAFDFEAA38}.Debug|Any CPU.Build.0 = Debug|Any CPU
		{BE38AF7B-FF8F-4D55-BAAB-EAFAFDFEAA38}.Release|Any CPU.ActiveCfg = Release|Any CPU
		{BE38AF7B-FF8F-4D55-BAAB-EAFAFDFEAA38}.Release|Any CPU.Build.0 = Release|Any CPU
	EndGlobalSection
	GlobalSection(SolutionProperties) = preSolution
		HideSolutionNode = FALSE
	EndGlobalSection
	GlobalSection(ExtensibilityGlobals) = postSolution
		SolutionGuid = {DD404D70-84DF-4BA4-B810-C431A522F247}
	EndGlobalSection
EndGlobal
